
Microsoft Visual Studio Solution File, Format Version 12.00
# Visual Studio Version 16
VisualStudioVersion = 16.0.29613.14
MinimumVisualStudioVersion = 10.0.40219.1
Project("{2150E333-8FDC-42A3-9474-1A3956D46DE8}") = "00 Solution Items", "00 Solution Items", "{8DAF9212-E208-41BD-878C-6AB5CFB56DA4}"
	ProjectSection(SolutionItems) = preProject
		docfx.utilities.cmd = docfx.utilities.cmd
		docker-compose.yml = docker-compose.yml
		README.md = README.md
	EndProjectSection
EndProject
Project("{2150E333-8FDC-42A3-9474-1A3956D46DE8}") = "02 src", "02 src", "{B31C70DA-36C0-4AAF-BEE2-EE7F6CAB97B3}"
EndProject
Project("{2150E333-8FDC-42A3-9474-1A3956D46DE8}") = "01 tests", "01 tests", "{0B57F095-BBE7-424B-BFD0-59897E44BAAA}"
EndProject
Project("{9A19103F-16F7-4668-BE54-9A1E7A4F7556}") = "UnitTests", "tests\UnitTests\UnitTests.csproj", "{72F2AAC8-E358-4D97-9316-CD3EFB84C678}"
EndProject
Project("{9A19103F-16F7-4668-BE54-9A1E7A4F7556}") = "FunctionalTests", "tests\FunctionalTests\FunctionalTests.csproj", "{5F83A8CF-7C5F-486A-91A7-05231F9528AC}"
EndProject
Project("{9A19103F-16F7-4668-BE54-9A1E7A4F7556}") = "IntegrationTests", "tests\IntegrationTests\IntegrationTests.csproj", "{3B901078-02F7-4328-A719-A423EFF1556A}"
EndProject
Project("{9A19103F-16F7-4668-BE54-9A1E7A4F7556}") = "MySpace.Infrastructure", "src\MySpace.Infrastructure\MySpace.Infrastructure.csproj", "{EFE31284-BD1E-4EF0-B443-6B1D8D1101A7}"
EndProject
Project("{9A19103F-16F7-4668-BE54-9A1E7A4F7556}") = "MySpace.ApplicationCore", "src\MySpace.ApplicationCore\MySpace.ApplicationCore.csproj", "{4C3C2DDB-753E-49B7-B298-EA21A96B4DA4}"
EndProject
Project("{9A19103F-16F7-4668-BE54-9A1E7A4F7556}") = "MySpace.WebMvc", "src\MySpace.WebMvc\MySpace.WebMvc.csproj", "{4EBC0216-A5CD-47BA-918B-91262D6EDF00}"
EndProject
Project("{9A19103F-16F7-4668-BE54-9A1E7A4F7556}") = "MySpace.SDK", "src\MySpace.SDK\MySpace.SDK.csproj", "{6EC37ECF-7A8E-455C-B1D4-E49878CD9519}"
EndProject
Project("{9A19103F-16F7-4668-BE54-9A1E7A4F7556}") = "MySpace.SDK.IntegrationTests", "tests\MySpace.SDK.IntegrationTests\MySpace.SDK.IntegrationTests.csproj", "{852F21CF-C46A-4CE6-B1DF-3330DEE48428}"
EndProject
Project("{9A19103F-16F7-4668-BE54-9A1E7A4F7556}") = "MySpace.Utilities", "src\MySpace.Utilities\MySpace.Utilities.csproj", "{D55D03B2-1972-41CC-93F0-10C01CFA7453}"
EndProject
Project("{9A19103F-16F7-4668-BE54-9A1E7A4F7556}") = "MySpace.Utilities.UnitTests", "tests\MySpace.Utilities.UnitTests\MySpace.Utilities.UnitTests.csproj", "{CBC70571-D24A-4041-8071-6A9459FC91C6}"
EndProject
Project("{2150E333-8FDC-42A3-9474-1A3956D46DE8}") = "Web", "Web", "{88C004FE-E889-4D8B-8297-6615CA26FADC}"
EndProject
Project("{2150E333-8FDC-42A3-9474-1A3956D46DE8}") = "Services", "Services", "{0BCF3237-C69E-47BB-963F-2231EE3D5517}"
EndProject
Project("{9A19103F-16F7-4668-BE54-9A1E7A4F7556}") = "User.API", "src\Services\User\User.API\User.API.csproj", "{A04A72F0-E566-4DA4-8619-AB7BCE30B0CC}"
EndProject
Project("{2150E333-8FDC-42A3-9474-1A3956D46DE8}") = "OP SDK", "OP SDK", "{73EA3EDF-80D1-45FC-A1E8-C4F83CDC7E11}"
EndProject
Project("{9A19103F-16F7-4668-BE54-9A1E7A4F7556}") = "MySpace.WeChat", "src\MySpace.WeChat\MySpace.WeChat.csproj", "{17631969-2E3F-4EE4-8C2F-72AAB341436E}"
EndProject
Project("{2150E333-8FDC-42A3-9474-1A3956D46DE8}") = "99 obsolete", "99 obsolete", "{EA632842-1E9C-44BA-A788-544BD7F73826}"
EndProject
Project("{2150E333-8FDC-42A3-9474-1A3956D46DE8}") = "WeChat", "WeChat", "{18148DEB-1174-46DD-A4D1-EB0A6817E08C}"
EndProject
Project("{9A19103F-16F7-4668-BE54-9A1E7A4F7556}") = "MySpace.WeChat.IntegrationTests", "tests\MySpace.WeChat.IntegrationTests\MySpace.WeChat.IntegrationTests.csproj", "{B24C7087-861C-45A8-ABC5-4A2ACA654036}"
EndProject
Project("{FAE04EC0-301F-11D3-BF4B-00C04F79EFBC}") = "PasswordManager", "src\Gadget\PasswordManager\PasswordManager.csproj", "{551D4291-4709-43D5-8FD0-170A3E0F4B61}"
EndProject
Project("{2150E333-8FDC-42A3-9474-1A3956D46DE8}") = "Gadget", "Gadget", "{F69CA111-6C58-451A-8E90-A223E41B8DCF}"
EndProject
Project("{2150E333-8FDC-42A3-9474-1A3956D46DE8}") = "03 tp", "03 tp", "{573689DD-D153-4F2A-AEE5-23807BD72584}"
EndProject
Project("{9A19103F-16F7-4668-BE54-9A1E7A4F7556}") = "BouncyCastle", "tp\BouncyCastle\BouncyCastle.csproj", "{C902D527-41EA-4540-B13D-5889EDB27B8C}"
EndProject
Project("{2150E333-8FDC-42A3-9474-1A3956D46DE8}") = "Bot", "Bot", "{3323E5BF-92CF-45E1-873B-CD05EC110BFC}"
EndProject
Project("{FAE04EC0-301F-11D3-BF4B-00C04F79EFBC}") = "MySpace.Utilities.ConsoleTests", "tests\MySpace.Utilities.ConsoleTests\MySpace.Utilities.ConsoleTests.csproj", "{6E26381B-E39A-4AF9-B2A5-BC8E3A0C733A}"
EndProject
Global
	GlobalSection(SolutionConfigurationPlatforms) = preSolution
		Debug|Any CPU = Debug|Any CPU
		Release|Any CPU = Release|Any CPU
	EndGlobalSection
	GlobalSection(ProjectConfigurationPlatforms) = postSolution
		{72F2AAC8-E358-4D97-9316-CD3EFB84C678}.Debug|Any CPU.ActiveCfg = Debug|Any CPU
		{72F2AAC8-E358-4D97-9316-CD3EFB84C678}.Debug|Any CPU.Build.0 = Debug|Any CPU
		{72F2AAC8-E358-4D97-9316-CD3EFB84C678}.Release|Any CPU.ActiveCfg = Release|Any CPU
		{72F2AAC8-E358-4D97-9316-CD3EFB84C678}.Release|Any CPU.Build.0 = Release|Any CPU
		{5F83A8CF-7C5F-486A-91A7-05231F9528AC}.Debug|Any CPU.ActiveCfg = Debug|Any CPU
		{5F83A8CF-7C5F-486A-91A7-05231F9528AC}.Debug|Any CPU.Build.0 = Debug|Any CPU
		{5F83A8CF-7C5F-486A-91A7-05231F9528AC}.Release|Any CPU.ActiveCfg = Release|Any CPU
		{5F83A8CF-7C5F-486A-91A7-05231F9528AC}.Release|Any CPU.Build.0 = Release|Any CPU
		{3B901078-02F7-4328-A719-A423EFF1556A}.Debug|Any CPU.ActiveCfg = Debug|Any CPU
		{3B901078-02F7-4328-A719-A423EFF1556A}.Debug|Any CPU.Build.0 = Debug|Any CPU
		{3B901078-02F7-4328-A719-A423EFF1556A}.Release|Any CPU.ActiveCfg = Release|Any CPU
		{3B901078-02F7-4328-A719-A423EFF1556A}.Release|Any CPU.Build.0 = Release|Any CPU
		{EFE31284-BD1E-4EF0-B443-6B1D8D1101A7}.Debug|Any CPU.ActiveCfg = Debug|Any CPU
		{EFE31284-BD1E-4EF0-B443-6B1D8D1101A7}.Debug|Any CPU.Build.0 = Debug|Any CPU
		{EFE31284-BD1E-4EF0-B443-6B1D8D1101A7}.Release|Any CPU.ActiveCfg = Release|Any CPU
		{EFE31284-BD1E-4EF0-B443-6B1D8D1101A7}.Release|Any CPU.Build.0 = Release|Any CPU
		{4C3C2DDB-753E-49B7-B298-EA21A96B4DA4}.Debug|Any CPU.ActiveCfg = Debug|Any CPU
		{4C3C2DDB-753E-49B7-B298-EA21A96B4DA4}.Debug|Any CPU.Build.0 = Debug|Any CPU
		{4C3C2DDB-753E-49B7-B298-EA21A96B4DA4}.Release|Any CPU.ActiveCfg = Release|Any CPU
		{4C3C2DDB-753E-49B7-B298-EA21A96B4DA4}.Release|Any CPU.Build.0 = Release|Any CPU
		{4EBC0216-A5CD-47BA-918B-91262D6EDF00}.Debug|Any CPU.ActiveCfg = Debug|Any CPU
		{4EBC0216-A5CD-47BA-918B-91262D6EDF00}.Debug|Any CPU.Build.0 = Debug|Any CPU
		{4EBC0216-A5CD-47BA-918B-91262D6EDF00}.Release|Any CPU.ActiveCfg = Release|Any CPU
		{4EBC0216-A5CD-47BA-918B-91262D6EDF00}.Release|Any CPU.Build.0 = Release|Any CPU
		{6EC37ECF-7A8E-455C-B1D4-E49878CD9519}.Debug|Any CPU.ActiveCfg = Debug|Any CPU
		{6EC37ECF-7A8E-455C-B1D4-E49878CD9519}.Debug|Any CPU.Build.0 = Debug|Any CPU
		{6EC37ECF-7A8E-455C-B1D4-E49878CD9519}.Release|Any CPU.ActiveCfg = Release|Any CPU
		{6EC37ECF-7A8E-455C-B1D4-E49878CD9519}.Release|Any CPU.Build.0 = Release|Any CPU
		{852F21CF-C46A-4CE6-B1DF-3330DEE48428}.Debug|Any CPU.ActiveCfg = Debug|Any CPU
		{852F21CF-C46A-4CE6-B1DF-3330DEE48428}.Debug|Any CPU.Build.0 = Debug|Any CPU
		{852F21CF-C46A-4CE6-B1DF-3330DEE48428}.Release|Any CPU.ActiveCfg = Release|Any CPU
		{852F21CF-C46A-4CE6-B1DF-3330DEE48428}.Release|Any CPU.Build.0 = Release|Any CPU
		{D55D03B2-1972-41CC-93F0-10C01CFA7453}.Debug|Any CPU.ActiveCfg = Debug|Any CPU
		{D55D03B2-1972-41CC-93F0-10C01CFA7453}.Debug|Any CPU.Build.0 = Debug|Any CPU
		{D55D03B2-1972-41CC-93F0-10C01CFA7453}.Release|Any CPU.ActiveCfg = Release|Any CPU
		{D55D03B2-1972-41CC-93F0-10C01CFA7453}.Release|Any CPU.Build.0 = Release|Any CPU
		{CBC70571-D24A-4041-8071-6A9459FC91C6}.Debug|Any CPU.ActiveCfg = Debug|Any CPU
		{CBC70571-D24A-4041-8071-6A9459FC91C6}.Debug|Any CPU.Build.0 = Debug|Any CPU
		{CBC70571-D24A-4041-8071-6A9459FC91C6}.Release|Any CPU.ActiveCfg = Release|Any CPU
		{CBC70571-D24A-4041-8071-6A9459FC91C6}.Release|Any CPU.Build.0 = Release|Any CPU
		{A04A72F0-E566-4DA4-8619-AB7BCE30B0CC}.Debug|Any CPU.ActiveCfg = Debug|Any CPU
		{A04A72F0-E566-4DA4-8619-AB7BCE30B0CC}.Debug|Any CPU.Build.0 = Debug|Any CPU
		{A04A72F0-E566-4DA4-8619-AB7BCE30B0CC}.Release|Any CPU.ActiveCfg = Release|Any CPU
		{A04A72F0-E566-4DA4-8619-AB7BCE30B0CC}.Release|Any CPU.Build.0 = Release|Any CPU
		{17631969-2E3F-4EE4-8C2F-72AAB341436E}.Debug|Any CPU.ActiveCfg = Debug|Any CPU
		{17631969-2E3F-4EE4-8C2F-72AAB341436E}.Debug|Any CPU.Build.0 = Debug|Any CPU
		{17631969-2E3F-4EE4-8C2F-72AAB341436E}.Release|Any CPU.ActiveCfg = Release|Any CPU
		{17631969-2E3F-4EE4-8C2F-72AAB341436E}.Release|Any CPU.Build.0 = Release|Any CPU
		{B24C7087-861C-45A8-ABC5-4A2ACA654036}.Debug|Any CPU.ActiveCfg = Debug|Any CPU
		{B24C7087-861C-45A8-ABC5-4A2ACA654036}.Debug|Any CPU.Build.0 = Debug|Any CPU
		{B24C7087-861C-45A8-ABC5-4A2ACA654036}.Release|Any CPU.ActiveCfg = Release|Any CPU
		{B24C7087-861C-45A8-ABC5-4A2ACA654036}.Release|Any CPU.Build.0 = Release|Any CPU
		{551D4291-4709-43D5-8FD0-170A3E0F4B61}.Debug|Any CPU.ActiveCfg = Debug|Any CPU
		{551D4291-4709-43D5-8FD0-170A3E0F4B61}.Debug|Any CPU.Build.0 = Debug|Any CPU
		{551D4291-4709-43D5-8FD0-170A3E0F4B61}.Release|Any CPU.ActiveCfg = Release|Any CPU
		{551D4291-4709-43D5-8FD0-170A3E0F4B61}.Release|Any CPU.Build.0 = Release|Any CPU
		{C902D527-41EA-4540-B13D-5889EDB27B8C}.Debug|Any CPU.ActiveCfg = Debug|Any CPU
		{C902D527-41EA-4540-B13D-5889EDB27B8C}.Debug|Any CPU.Build.0 = Debug|Any CPU
		{C902D527-41EA-4540-B13D-5889EDB27B8C}.Release|Any CPU.ActiveCfg = Release|Any CPU
		{C902D527-41EA-4540-B13D-5889EDB27B8C}.Release|Any CPU.Build.0 = Release|Any CPU
		{6E26381B-E39A-4AF9-B2A5-BC8E3A0C733A}.Debug|Any CPU.ActiveCfg = Debug|Any CPU
		{6E26381B-E39A-4AF9-B2A5-BC8E3A0C733A}.Debug|Any CPU.Build.0 = Debug|Any CPU
		{6E26381B-E39A-4AF9-B2A5-BC8E3A0C733A}.Release|Any CPU.ActiveCfg = Release|Any CPU
		{6E26381B-E39A-4AF9-B2A5-BC8E3A0C733A}.Release|Any CPU.Build.0 = Release|Any CPU
	EndGlobalSection
	GlobalSection(SolutionProperties) = preSolution
		HideSolutionNode = FALSE
	EndGlobalSection
	GlobalSection(NestedProjects) = preSolution
		{72F2AAC8-E358-4D97-9316-CD3EFB84C678} = {0B57F095-BBE7-424B-BFD0-59897E44BAAA}
		{5F83A8CF-7C5F-486A-91A7-05231F9528AC} = {0B57F095-BBE7-424B-BFD0-59897E44BAAA}
		{3B901078-02F7-4328-A719-A423EFF1556A} = {0B57F095-BBE7-424B-BFD0-59897E44BAAA}
		{EFE31284-BD1E-4EF0-B443-6B1D8D1101A7} = {88C004FE-E889-4D8B-8297-6615CA26FADC}
		{4C3C2DDB-753E-49B7-B298-EA21A96B4DA4} = {88C004FE-E889-4D8B-8297-6615CA26FADC}
		{4EBC0216-A5CD-47BA-918B-91262D6EDF00} = {88C004FE-E889-4D8B-8297-6615CA26FADC}
		{6EC37ECF-7A8E-455C-B1D4-E49878CD9519} = {EA632842-1E9C-44BA-A788-544BD7F73826}
		{852F21CF-C46A-4CE6-B1DF-3330DEE48428} = {0B57F095-BBE7-424B-BFD0-59897E44BAAA}
		{D55D03B2-1972-41CC-93F0-10C01CFA7453} = {B31C70DA-36C0-4AAF-BEE2-EE7F6CAB97B3}
		{CBC70571-D24A-4041-8071-6A9459FC91C6} = {0B57F095-BBE7-424B-BFD0-59897E44BAAA}
		{88C004FE-E889-4D8B-8297-6615CA26FADC} = {B31C70DA-36C0-4AAF-BEE2-EE7F6CAB97B3}
		{0BCF3237-C69E-47BB-963F-2231EE3D5517} = {B31C70DA-36C0-4AAF-BEE2-EE7F6CAB97B3}
		{A04A72F0-E566-4DA4-8619-AB7BCE30B0CC} = {0BCF3237-C69E-47BB-963F-2231EE3D5517}
		{73EA3EDF-80D1-45FC-A1E8-C4F83CDC7E11} = {B31C70DA-36C0-4AAF-BEE2-EE7F6CAB97B3}
		{17631969-2E3F-4EE4-8C2F-72AAB341436E} = {73EA3EDF-80D1-45FC-A1E8-C4F83CDC7E11}
		{18148DEB-1174-46DD-A4D1-EB0A6817E08C} = {0B57F095-BBE7-424B-BFD0-59897E44BAAA}
		{B24C7087-861C-45A8-ABC5-4A2ACA654036} = {18148DEB-1174-46DD-A4D1-EB0A6817E08C}
		{551D4291-4709-43D5-8FD0-170A3E0F4B61} = {F69CA111-6C58-451A-8E90-A223E41B8DCF}
		{F69CA111-6C58-451A-8E90-A223E41B8DCF} = {B31C70DA-36C0-4AAF-BEE2-EE7F6CAB97B3}
		{C902D527-41EA-4540-B13D-5889EDB27B8C} = {573689DD-D153-4F2A-AEE5-23807BD72584}
		{3323E5BF-92CF-45E1-873B-CD05EC110BFC} = {B31C70DA-36C0-4AAF-BEE2-EE7F6CAB97B3}
		{6E26381B-E39A-4AF9-B2A5-BC8E3A0C733A} = {0B57F095-BBE7-424B-BFD0-59897E44BAAA}
	EndGlobalSection
	GlobalSection(ExtensibilityGlobals) = postSolution
		SolutionGuid = {4D172977-1FCF-457F-874E-7C5A07CDE945}
	EndGlobalSection
EndGlobal
